
Microsoft Visual Studio Solution File, Format Version 12.00
# Visual Studio Version 17
VisualStudioVersion = 17.11.35303.130
MinimumVisualStudioVersion = 10.0.40219.1
Project("{9A19103F-16F7-4668-BE54-9A1E7A4F7556}") = "I1000", "I1000.csproj", "{44DE2A1D-B2B7-47F7-87EA-7E18B0648A92}"
EndProject
Project("{9A19103F-16F7-4668-BE54-9A1E7A4F7556}") = "I1001", "..\I1001\I1001.csproj", "{52C99667-BCC9-400A-8740-024AD40B63F9}"
EndProject
Project("{9A19103F-16F7-4668-BE54-9A1E7A4F7556}") = "I1002", "..\I1002\I1002.csproj", "{3A34F5DA-5F70-4557-9B78-4E49E2DE79ED}"
EndProject
Project("{9A19103F-16F7-4668-BE54-9A1E7A4F7556}") = "I1003", "..\I1003\I1003.csproj", "{14DDD5C5-E367-437C-88B4-D89A57E2B6D1}"
EndProject
Project("{9A19103F-16F7-4668-BE54-9A1E7A4F7556}") = "I1004", "..\I1004\I1004.csproj", "{82100486-9836-4306-A50E-2D0526DFE04C}"
EndProject
Project("{9A19103F-16F7-4668-BE54-9A1E7A4F7556}") = "I1005", "..\I1005\I1005.csproj", "{1B7D2985-A93A-41AB-9890-0164A663F837}"
EndProject
Project("{FAE04EC0-301F-11D3-BF4B-00C04F79EFBC}") = "I1006", "..\I1006\I1006.csproj", "{FD1A56B2-ACDD-426A-8B2F-A64D3D2E7E43}"
EndProject
Project("{FAE04EC0-301F-11D3-BF4B-00C04F79EFBC}") = "I1007", "..\I1007\I1007.csproj", "{7EA49A40-E60E-4E12-A629-9EEAFAC1A065}"
EndProject
Project("{FAE04EC0-301F-11D3-BF4B-00C04F79EFBC}") = "I1008", "..\I1008\I1008.csproj", "{EB2B8020-5DEE-4B71-9F4D-F3705D5B7879}"
EndProject
Project("{FAE04EC0-301F-11D3-BF4B-00C04F79EFBC}") = "I1009", "..\I1009\I1009.csproj", "{F7F5D946-CD21-4E34-B121-5E5FD4EB144F}"
EndProject
Project("{FAE04EC0-301F-11D3-BF4B-00C04F79EFBC}") = "I1010", "..\I1010\I1010.csproj", "{F26D68CE-A1DB-4159-80BF-D8BF60780EE6}"
EndProject
Global
	GlobalSection(SolutionConfigurationPlatforms) = preSolution
		Debug|Any CPU = Debug|Any CPU
		Release|Any CPU = Release|Any CPU
	EndGlobalSection
	GlobalSection(ProjectConfigurationPlatforms) = postSolution
		{44DE2A1D-B2B7-47F7-87EA-7E18B0648A92}.Debug|Any CPU.ActiveCfg = Debug|Any CPU
		{44DE2A1D-B2B7-47F7-87EA-7E18B0648A92}.Debug|Any CPU.Build.0 = Debug|Any CPU
		{44DE2A1D-B2B7-47F7-87EA-7E18B0648A92}.Release|Any CPU.ActiveCfg = Release|Any CPU
		{44DE2A1D-B2B7-47F7-87EA-7E18B0648A92}.Release|Any CPU.Build.0 = Release|Any CPU
		{52C99667-BCC9-400A-8740-024AD40B63F9}.Debug|Any CPU.ActiveCfg = Debug|Any CPU
		{52C99667-BCC9-400A-8740-024AD40B63F9}.Debug|Any CPU.Build.0 = Debug|Any CPU
		{52C99667-BCC9-400A-8740-024AD40B63F9}.Release|Any CPU.ActiveCfg = Release|Any CPU
		{52C99667-BCC9-400A-8740-024AD40B63F9}.Release|Any CPU.Build.0 = Release|Any CPU
		{3A34F5DA-5F70-4557-9B78-4E49E2DE79ED}.Debug|Any CPU.ActiveCfg = Debug|Any CPU
		{3A34F5DA-5F70-4557-9B78-4E49E2DE79ED}.Debug|Any CPU.Build.0 = Debug|Any CPU
		{3A34F5DA-5F70-4557-9B78-4E49E2DE79ED}.Release|Any CPU.ActiveCfg = Release|Any CPU
		{3A34F5DA-5F70-4557-9B78-4E49E2DE79ED}.Release|Any CPU.Build.0 = Release|Any CPU
		{14DDD5C5-E367-437C-88B4-D89A57E2B6D1}.Debug|Any CPU.ActiveCfg = Debug|Any CPU
		{14DDD5C5-E367-437C-88B4-D89A57E2B6D1}.Debug|Any CPU.Build.0 = Debug|Any CPU
		{14DDD5C5-E367-437C-88B4-D89A57E2B6D1}.Release|Any CPU.ActiveCfg = Release|Any CPU
		{14DDD5C5-E367-437C-88B4-D89A57E2B6D1}.Release|Any CPU.Build.0 = Release|Any CPU
		{82100486-9836-4306-A50E-2D0526DFE04C}.Debug|Any CPU.ActiveCfg = Debug|Any CPU
		{82100486-9836-4306-A50E-2D0526DFE04C}.Debug|Any CPU.Build.0 = Debug|Any CPU
		{82100486-9836-4306-A50E-2D0526DFE04C}.Release|Any CPU.ActiveCfg = Release|Any CPU
		{82100486-9836-4306-A50E-2D0526DFE04C}.Release|Any CPU.Build.0 = Release|Any CPU
		{1B7D2985-A93A-41AB-9890-0164A663F837}.Debug|Any CPU.ActiveCfg = Debug|Any CPU
		{1B7D2985-A93A-41AB-9890-0164A663F837}.Debug|Any CPU.Build.0 = Debug|Any CPU
		{1B7D2985-A93A-41AB-9890-0164A663F837}.Release|Any CPU.ActiveCfg = Release|Any CPU
		{1B7D2985-A93A-41AB-9890-0164A663F837}.Release|Any CPU.Build.0 = Release|Any CPU
		{FD1A56B2-ACDD-426A-8B2F-A64D3D2E7E43}.Debug|Any CPU.ActiveCfg = Debug|Any CPU
		{FD1A56B2-ACDD-426A-8B2F-A64D3D2E7E43}.Debug|Any CPU.Build.0 = Debug|Any CPU
		{FD1A56B2-ACDD-426A-8B2F-A64D3D2E7E43}.Release|Any CPU.ActiveCfg = Release|Any CPU
		{FD1A56B2-ACDD-426A-8B2F-A64D3D2E7E43}.Release|Any CPU.Build.0 = Release|Any CPU
		{7EA49A40-E60E-4E12-A629-9EEAFAC1A065}.Debug|Any CPU.ActiveCfg = Debug|Any CPU
		{7EA49A40-E60E-4E12-A629-9EEAFAC1A065}.Debug|Any CPU.Build.0 = Debug|Any CPU
		{7EA49A40-E60E-4E12-A629-9EEAFAC1A065}.Release|Any CPU.ActiveCfg = Release|Any CPU
		{7EA49A40-E60E-4E12-A629-9EEAFAC1A065}.Release|Any CPU.Build.0 = Release|Any CPU
		{EB2B8020-5DEE-4B71-9F4D-F3705D5B7879}.Debug|Any CPU.ActiveCfg = Debug|Any CPU
		{EB2B8020-5DEE-4B71-9F4D-F3705D5B7879}.Debug|Any CPU.Build.0 = Debug|Any CPU
		{EB2B8020-5DEE-4B71-9F4D-F3705D5B7879}.Release|Any CPU.ActiveCfg = Release|Any CPU
		{EB2B8020-5DEE-4B71-9F4D-F3705D5B7879}.Release|Any CPU.Build.0 = Release|Any CPU
		{F7F5D946-CD21-4E34-B121-5E5FD4EB144F}.Debug|Any CPU.ActiveCfg = Debug|Any CPU
		{F7F5D946-CD21-4E34-B121-5E5FD4EB144F}.Debug|Any CPU.Build.0 = Debug|Any CPU
		{F7F5D946-CD21-4E34-B121-5E5FD4EB144F}.Release|Any CPU.ActiveCfg = Release|Any CPU
		{F7F5D946-CD21-4E34-B121-5E5FD4EB144F}.Release|Any CPU.Build.0 = Release|Any CPU
		{F26D68CE-A1DB-4159-80BF-D8BF60780EE6}.Debug|Any CPU.ActiveCfg = Debug|Any CPU
		{F26D68CE-A1DB-4159-80BF-D8BF60780EE6}.Debug|Any CPU.Build.0 = Debug|Any CPU
		{F26D68CE-A1DB-4159-80BF-D8BF60780EE6}.Release|Any CPU.ActiveCfg = Release|Any CPU
		{F26D68CE-A1DB-4159-80BF-D8BF60780EE6}.Release|Any CPU.Build.0 = Release|Any CPU
	EndGlobalSection
	GlobalSection(SolutionProperties) = preSolution
		HideSolutionNode = FALSE
	EndGlobalSection
	GlobalSection(ExtensibilityGlobals) = postSolution
		SolutionGuid = {AEA6BA6C-0ED6-4020-9003-150D62F4208B}
	EndGlobalSection
EndGlobal
