
Microsoft Visual Studio Solution File, Format Version 12.00
# Visual Studio Version 17
VisualStudioVersion = 17.11.35303.130
MinimumVisualStudioVersion = 10.0.40219.1
Project("{9A19103F-16F7-4668-BE54-9A1E7A4F7556}") = "I1000", "I1000.csproj", "{44DE2A1D-B2B7-47F7-87EA-7E18B0648A92}"
EndProject
Project("{9A19103F-16F7-4668-BE54-9A1E7A4F7556}") = "I1001", "..\I1001\I1001.csproj", "{52C99667-BCC9-400A-8740-024AD40B63F9}"
EndProject
Project("{9A19103F-16F7-4668-BE54-9A1E7A4F7556}") = "I1002", "..\I1002\I1002.csproj", "{3A34F5DA-5F70-4557-9B78-4E49E2DE79ED}"
EndProject
Project("{9A19103F-16F7-4668-BE54-9A1E7A4F7556}") = "I1003", "..\I1003\I1003.csproj", "{14DDD5C5-E367-437C-88B4-D89A57E2B6D1}"
EndProject
Project("{9A19103F-16F7-4668-BE54-9A1E7A4F7556}") = "I1004", "..\I1004\I1004.csproj", "{82100486-9836-4306-A50E-2D0526DFE04C}"
EndProject
Project("{9A19103F-16F7-4668-BE54-9A1E7A4F7556}") = "I1005", "..\I1005\I1005.csproj", "{1B7D2985-A93A-41AB-9890-0164A663F837}"
EndProject
Project("{9A19103F-16F7-4668-BE54-9A1E7A4F7556}") = "I1006", "..\I1006\I1006.csproj", "{FD1A56B2-ACDD-426A-8B2F-A64D3D2E7E43}"
EndProject
Project("{9A19103F-16F7-4668-BE54-9A1E7A4F7556}") = "I1007", "..\I1007\I1007.csproj", "{7EA49A40-E60E-4E12-A629-9EEAFAC1A065}"
EndProject
Project("{9A19103F-16F7-4668-BE54-9A1E7A4F7556}") = "I1008", "..\I1008\I1008.csproj", "{EB2B8020-5DEE-4B71-9F4D-F3705D5B7879}"
EndProject
Project("{9A19103F-16F7-4668-BE54-9A1E7A4F7556}") = "I1009", "..\I1009\I1009.csproj", "{F7F5D946-CD21-4E34-B121-5E5FD4EB144F}"
EndProject
Project("{9A19103F-16F7-4668-BE54-9A1E7A4F7556}") = "I1010", "..\I1010\I1010.csproj", "{F26D68CE-A1DB-4159-80BF-D8BF60780EE6}"
EndProject
Project("{9A19103F-16F7-4668-BE54-9A1E7A4F7556}") = "I1011", "..\I1011\I1011.csproj", "{41766C6D-5674-4E64-BA64-A4E3DB8D8D07}"
EndProject
Project("{9A19103F-16F7-4668-BE54-9A1E7A4F7556}") = "I1012", "..\I1012\I1012.csproj", "{BE8A4C05-A557-4288-9B75-F8478D32DC74}"
EndProject
Project("{9A19103F-16F7-4668-BE54-9A1E7A4F7556}") = "I1013", "..\I1013\I1013.csproj", "{9489E659-9408-4310-A8BC-D0D66086D622}"
EndProject
Project("{9A19103F-16F7-4668-BE54-9A1E7A4F7556}") = "I1014", "..\I1014\I1014.csproj", "{681D9694-D32E-42A0-94E2-37669DC59DEB}"
EndProject
Project("{9A19103F-16F7-4668-BE54-9A1E7A4F7556}") = "I1015", "..\I1015\I1015.csproj", "{B5E1187C-0A6E-4B4D-99B9-233AD84B61E8}"
EndProject
Project("{FAE04EC0-301F-11D3-BF4B-00C04F79EFBC}") = "I1016", "..\I1016\I1016.csproj", "{CD60EF2A-5A43-4E66-9D0E-8B8850E610CF}"
EndProject
Project("{FAE04EC0-301F-11D3-BF4B-00C04F79EFBC}") = "I1017", "..\I1017\I1017.csproj", "{AB19EED7-FE96-42C8-ADFC-95D0839E61CD}"
EndProject
Project("{FAE04EC0-301F-11D3-BF4B-00C04F79EFBC}") = "I1018", "..\I1018\I1018.csproj", "{61CE65F5-B9EF-4DB4-A549-880191E2DD6F}"
EndProject
Project("{FAE04EC0-301F-11D3-BF4B-00C04F79EFBC}") = "I1019", "..\I1019\I1019.csproj", "{52489FB1-7177-4BFA-8B48-7D9B929AE638}"
EndProject
Project("{FAE04EC0-301F-11D3-BF4B-00C04F79EFBC}") = "I1020", "..\I1020\I1020.csproj", "{85FC48D2-A745-4F8A-B72F-2E665F3FE22E}"
EndProject
Global
	GlobalSection(SolutionConfigurationPlatforms) = preSolution
		Debug|Any CPU = Debug|Any CPU
		Release|Any CPU = Release|Any CPU
	EndGlobalSection
	GlobalSection(ProjectConfigurationPlatforms) = postSolution
		{44DE2A1D-B2B7-47F7-87EA-7E18B0648A92}.Debug|Any CPU.ActiveCfg = Debug|Any CPU
		{44DE2A1D-B2B7-47F7-87EA-7E18B0648A92}.Debug|Any CPU.Build.0 = Debug|Any CPU
		{44DE2A1D-B2B7-47F7-87EA-7E18B0648A92}.Release|Any CPU.ActiveCfg = Release|Any CPU
		{44DE2A1D-B2B7-47F7-87EA-7E18B0648A92}.Release|Any CPU.Build.0 = Release|Any CPU
		{52C99667-BCC9-400A-8740-024AD40B63F9}.Debug|Any CPU.ActiveCfg = Debug|Any CPU
		{52C99667-BCC9-400A-8740-024AD40B63F9}.Debug|Any CPU.Build.0 = Debug|Any CPU
		{52C99667-BCC9-400A-8740-024AD40B63F9}.Release|Any CPU.ActiveCfg = Release|Any CPU
		{52C99667-BCC9-400A-8740-024AD40B63F9}.Release|Any CPU.Build.0 = Release|Any CPU
		{3A34F5DA-5F70-4557-9B78-4E49E2DE79ED}.Debug|Any CPU.ActiveCfg = Debug|Any CPU
		{3A34F5DA-5F70-4557-9B78-4E49E2DE79ED}.Debug|Any CPU.Build.0 = Debug|Any CPU
		{3A34F5DA-5F70-4557-9B78-4E49E2DE79ED}.Release|Any CPU.ActiveCfg = Release|Any CPU
		{3A34F5DA-5F70-4557-9B78-4E49E2DE79ED}.Release|Any CPU.Build.0 = Release|Any CPU
		{14DDD5C5-E367-437C-88B4-D89A57E2B6D1}.Debug|Any CPU.ActiveCfg = Debug|Any CPU
		{14DDD5C5-E367-437C-88B4-D89A57E2B6D1}.Debug|Any CPU.Build.0 = Debug|Any CPU
		{14DDD5C5-E367-437C-88B4-D89A57E2B6D1}.Release|Any CPU.ActiveCfg = Release|Any CPU
		{14DDD5C5-E367-437C-88B4-D89A57E2B6D1}.Release|Any CPU.Build.0 = Release|Any CPU
		{82100486-9836-4306-A50E-2D0526DFE04C}.Debug|Any CPU.ActiveCfg = Debug|Any CPU
		{82100486-9836-4306-A50E-2D0526DFE04C}.Debug|Any CPU.Build.0 = Debug|Any CPU
		{82100486-9836-4306-A50E-2D0526DFE04C}.Release|Any CPU.ActiveCfg = Release|Any CPU
		{82100486-9836-4306-A50E-2D0526DFE04C}.Release|Any CPU.Build.0 = Release|Any CPU
		{1B7D2985-A93A-41AB-9890-0164A663F837}.Debug|Any CPU.ActiveCfg = Debug|Any CPU
		{1B7D2985-A93A-41AB-9890-0164A663F837}.Debug|Any CPU.Build.0 = Debug|Any CPU
		{1B7D2985-A93A-41AB-9890-0164A663F837}.Release|Any CPU.ActiveCfg = Release|Any CPU
		{1B7D2985-A93A-41AB-9890-0164A663F837}.Release|Any CPU.Build.0 = Release|Any CPU
		{FD1A56B2-ACDD-426A-8B2F-A64D3D2E7E43}.Debug|Any CPU.ActiveCfg = Debug|Any CPU
		{FD1A56B2-ACDD-426A-8B2F-A64D3D2E7E43}.Debug|Any CPU.Build.0 = Debug|Any CPU
		{FD1A56B2-ACDD-426A-8B2F-A64D3D2E7E43}.Release|Any CPU.ActiveCfg = Release|Any CPU
		{FD1A56B2-ACDD-426A-8B2F-A64D3D2E7E43}.Release|Any CPU.Build.0 = Release|Any CPU
		{7EA49A40-E60E-4E12-A629-9EEAFAC1A065}.Debug|Any CPU.ActiveCfg = Debug|Any CPU
		{7EA49A40-E60E-4E12-A629-9EEAFAC1A065}.Debug|Any CPU.Build.0 = Debug|Any CPU
		{7EA49A40-E60E-4E12-A629-9EEAFAC1A065}.Release|Any CPU.ActiveCfg = Release|Any CPU
		{7EA49A40-E60E-4E12-A629-9EEAFAC1A065}.Release|Any CPU.Build.0 = Release|Any CPU
		{EB2B8020-5DEE-4B71-9F4D-F3705D5B7879}.Debug|Any CPU.ActiveCfg = Debug|Any CPU
		{EB2B8020-5DEE-4B71-9F4D-F3705D5B7879}.Debug|Any CPU.Build.0 = Debug|Any CPU
		{EB2B8020-5DEE-4B71-9F4D-F3705D5B7879}.Release|Any CPU.ActiveCfg = Release|Any CPU
		{EB2B8020-5DEE-4B71-9F4D-F3705D5B7879}.Release|Any CPU.Build.0 = Release|Any CPU
		{F7F5D946-CD21-4E34-B121-5E5FD4EB144F}.Debug|Any CPU.ActiveCfg = Debug|Any CPU
		{F7F5D946-CD21-4E34-B121-5E5FD4EB144F}.Debug|Any CPU.Build.0 = Debug|Any CPU
		{F7F5D946-CD21-4E34-B121-5E5FD4EB144F}.Release|Any CPU.ActiveCfg = Release|Any CPU
		{F7F5D946-CD21-4E34-B121-5E5FD4EB144F}.Release|Any CPU.Build.0 = Release|Any CPU
		{F26D68CE-A1DB-4159-80BF-D8BF60780EE6}.Debug|Any CPU.ActiveCfg = Debug|Any CPU
		{F26D68CE-A1DB-4159-80BF-D8BF60780EE6}.Debug|Any CPU.Build.0 = Debug|Any CPU
		{F26D68CE-A1DB-4159-80BF-D8BF60780EE6}.Release|Any CPU.ActiveCfg = Release|Any CPU
		{F26D68CE-A1DB-4159-80BF-D8BF60780EE6}.Release|Any CPU.Build.0 = Release|Any CPU
		{41766C6D-5674-4E64-BA64-A4E3DB8D8D07}.Debug|Any CPU.ActiveCfg = Debug|Any CPU
		{41766C6D-5674-4E64-BA64-A4E3DB8D8D07}.Debug|Any CPU.Build.0 = Debug|Any CPU
		{41766C6D-5674-4E64-BA64-A4E3DB8D8D07}.Release|Any CPU.ActiveCfg = Release|Any CPU
		{41766C6D-5674-4E64-BA64-A4E3DB8D8D07}.Release|Any CPU.Build.0 = Release|Any CPU
		{BE8A4C05-A557-4288-9B75-F8478D32DC74}.Debug|Any CPU.ActiveCfg = Debug|Any CPU
		{BE8A4C05-A557-4288-9B75-F8478D32DC74}.Debug|Any CPU.Build.0 = Debug|Any CPU
		{BE8A4C05-A557-4288-9B75-F8478D32DC74}.Release|Any CPU.ActiveCfg = Release|Any CPU
		{BE8A4C05-A557-4288-9B75-F8478D32DC74}.Release|Any CPU.Build.0 = Release|Any CPU
		{9489E659-9408-4310-A8BC-D0D66086D622}.Debug|Any CPU.ActiveCfg = Debug|Any CPU
		{9489E659-9408-4310-A8BC-D0D66086D622}.Debug|Any CPU.Build.0 = Debug|Any CPU
		{9489E659-9408-4310-A8BC-D0D66086D622}.Release|Any CPU.ActiveCfg = Release|Any CPU
		{9489E659-9408-4310-A8BC-D0D66086D622}.Release|Any CPU.Build.0 = Release|Any CPU
		{681D9694-D32E-42A0-94E2-37669DC59DEB}.Debug|Any CPU.ActiveCfg = Debug|Any CPU
		{681D9694-D32E-42A0-94E2-37669DC59DEB}.Debug|Any CPU.Build.0 = Debug|Any CPU
		{681D9694-D32E-42A0-94E2-37669DC59DEB}.Release|Any CPU.ActiveCfg = Release|Any CPU
		{681D9694-D32E-42A0-94E2-37669DC59DEB}.Release|Any CPU.Build.0 = Release|Any CPU
		{B5E1187C-0A6E-4B4D-99B9-233AD84B61E8}.Debug|Any CPU.ActiveCfg = Debug|Any CPU
		{B5E1187C-0A6E-4B4D-99B9-233AD84B61E8}.Debug|Any CPU.Build.0 = Debug|Any CPU
		{B5E1187C-0A6E-4B4D-99B9-233AD84B61E8}.Release|Any CPU.ActiveCfg = Release|Any CPU
		{B5E1187C-0A6E-4B4D-99B9-233AD84B61E8}.Release|Any CPU.Build.0 = Release|Any CPU
		{CD60EF2A-5A43-4E66-9D0E-8B8850E610CF}.Debug|Any CPU.ActiveCfg = Debug|Any CPU
		{CD60EF2A-5A43-4E66-9D0E-8B8850E610CF}.Debug|Any CPU.Build.0 = Debug|Any CPU
		{CD60EF2A-5A43-4E66-9D0E-8B8850E610CF}.Release|Any CPU.ActiveCfg = Release|Any CPU
		{CD60EF2A-5A43-4E66-9D0E-8B8850E610CF}.Release|Any CPU.Build.0 = Release|Any CPU
		{AB19EED7-FE96-42C8-ADFC-95D0839E61CD}.Debug|Any CPU.ActiveCfg = Debug|Any CPU
		{AB19EED7-FE96-42C8-ADFC-95D0839E61CD}.Debug|Any CPU.Build.0 = Debug|Any CPU
		{AB19EED7-FE96-42C8-ADFC-95D0839E61CD}.Release|Any CPU.ActiveCfg = Release|Any CPU
		{AB19EED7-FE96-42C8-ADFC-95D0839E61CD}.Release|Any CPU.Build.0 = Release|Any CPU
		{61CE65F5-B9EF-4DB4-A549-880191E2DD6F}.Debug|Any CPU.ActiveCfg = Debug|Any CPU
		{61CE65F5-B9EF-4DB4-A549-880191E2DD6F}.Debug|Any CPU.Build.0 = Debug|Any CPU
		{61CE65F5-B9EF-4DB4-A549-880191E2DD6F}.Release|Any CPU.ActiveCfg = Release|Any CPU
		{61CE65F5-B9EF-4DB4-A549-880191E2DD6F}.Release|Any CPU.Build.0 = Release|Any CPU
		{52489FB1-7177-4BFA-8B48-7D9B929AE638}.Debug|Any CPU.ActiveCfg = Debug|Any CPU
		{52489FB1-7177-4BFA-8B48-7D9B929AE638}.Debug|Any CPU.Build.0 = Debug|Any CPU
		{52489FB1-7177-4BFA-8B48-7D9B929AE638}.Release|Any CPU.ActiveCfg = Release|Any CPU
		{52489FB1-7177-4BFA-8B48-7D9B929AE638}.Release|Any CPU.Build.0 = Release|Any CPU
		{85FC48D2-A745-4F8A-B72F-2E665F3FE22E}.Debug|Any CPU.ActiveCfg = Debug|Any CPU
		{85FC48D2-A745-4F8A-B72F-2E665F3FE22E}.Debug|Any CPU.Build.0 = Debug|Any CPU
		{85FC48D2-A745-4F8A-B72F-2E665F3FE22E}.Release|Any CPU.ActiveCfg = Release|Any CPU
		{85FC48D2-A745-4F8A-B72F-2E665F3FE22E}.Release|Any CPU.Build.0 = Release|Any CPU
	EndGlobalSection
	GlobalSection(SolutionProperties) = preSolution
		HideSolutionNode = FALSE
	EndGlobalSection
	GlobalSection(ExtensibilityGlobals) = postSolution
		SolutionGuid = {AEA6BA6C-0ED6-4020-9003-150D62F4208B}
	EndGlobalSection
EndGlobal
